// !$*UTF8*$!
{
	archiveVersion = 1;
	classes = {
	};
	objectVersion = 77;
	objects = {

/* Begin PBXBuildFile section */
		62DE4ECF2E7AAAD60095661F /* WidgetKit.framework in Frameworks */ = {isa = PBXBuildFile; fileRef = 62DE4ECE2E7AAAD60095661F /* WidgetKit.framework */; };
		62DE4ED12E7AAAD60095661F /* SwiftUI.framework in Frameworks */ = {isa = PBXBuildFile; fileRef = 62DE4ED02E7AAAD60095661F /* SwiftUI.framework */; };
		62DE4EDC2E7AAAD80095661F /* CassFlowWidgetExtension.appex in Embed Foundation Extensions */ = {isa = PBXBuildFile; fileRef = 62DE4ECC2E7AAAD60095661F /* CassFlowWidgetExtension.appex */; settings = {ATTRIBUTES = (RemoveHeadersOnCopy, ); }; };
/* End PBXBuildFile section */

/* Begin PBXContainerItemProxy section */
		62DE4EDA2E7AAAD80095661F /* PBXContainerItemProxy */ = {
			isa = PBXContainerItemProxy;
			containerPortal = 6276D7602DD1E6F900ACA539 /* Project object */;
			proxyType = 1;
			remoteGlobalIDString = 62DE4ECB2E7AAAD60095661F;
			remoteInfo = CassFlowWidgetExtension;
		};
/* End PBXContainerItemProxy section */

/* Begin PBXCopyFilesBuildPhase section */
		62DE4EDD2E7AAAD80095661F /* Embed Foundation Extensions */ = {
			isa = PBXCopyFilesBuildPhase;
			buildActionMask = 2147483647;
			dstPath = "";
			dstSubfolderSpec = 13;
			files = (
				62DE4EDC2E7AAAD80095661F /* CassFlowWidgetExtension.appex in Embed Foundation Extensions */,
			);
			name = "Embed Foundation Extensions";
			runOnlyForDeploymentPostprocessing = 0;
		};
/* End PBXCopyFilesBuildPhase section */

/* Begin PBXFileReference section */
		6276D7682DD1E6F900ACA539 /* CassoFlow.app */ = {isa = PBXFileReference; explicitFileType = wrapper.application; includeInIndex = 0; path = CassoFlow.app; sourceTree = BUILT_PRODUCTS_DIR; };
		62CB6C142E7ADB2A007ED1E9 /* CassFlowWidgetExtension.entitlements */ = {isa = PBXFileReference; lastKnownFileType = text.plist.entitlements; path = CassFlowWidgetExtension.entitlements; sourceTree = "<group>"; };
		62DE4ECC2E7AAAD60095661F /* CassFlowWidgetExtension.appex */ = {isa = PBXFileReference; explicitFileType = "wrapper.app-extension"; includeInIndex = 0; path = CassFlowWidgetExtension.appex; sourceTree = BUILT_PRODUCTS_DIR; };
		62DE4ECE2E7AAAD60095661F /* WidgetKit.framework */ = {isa = PBXFileReference; lastKnownFileType = wrapper.framework; name = WidgetKit.framework; path = System/Library/Frameworks/WidgetKit.framework; sourceTree = SDKROOT; };
		62DE4ED02E7AAAD60095661F /* SwiftUI.framework */ = {isa = PBXFileReference; lastKnownFileType = wrapper.framework; name = SwiftUI.framework; path = System/Library/Frameworks/SwiftUI.framework; sourceTree = SDKROOT; };
/* End PBXFileReference section */

/* Begin PBXFileSystemSynchronizedBuildFileExceptionSet section */
		6255CB7B2E0555D600F23075 /* Exceptions for "CassoFlow" folder in "CassoFlow" target */ = {
			isa = PBXFileSystemSynchronizedBuildFileExceptionSet;
			membershipExceptions = (
				Info.plist,
			);
			target = 6276D7672DD1E6F900ACA539 /* CassoFlow */;
		};
		62C45C812E7AC03F006C5642 /* Exceptions for "CassFlowWidget" folder in "CassoFlow" target */ = {
			isa = PBXFileSystemSynchronizedBuildFileExceptionSet;
			membershipExceptions = (
				SharedMusicData.swift,
				WidgetUpdateManager.swift,
			);
			target = 6276D7672DD1E6F900ACA539 /* CassoFlow */;
		};
		62C45CCC2E7AD68B006C5642 /* Exceptions for "CassoFlow" folder in "CassFlowWidgetExtension" target */ = {
			isa = PBXFileSystemSynchronizedBuildFileExceptionSet;
			membershipExceptions = (
				Assets.xcassets,
			);
			target = 62DE4ECB2E7AAAD60095661F /* CassFlowWidgetExtension */;
		};
		62DE4EE12E7AAAD80095661F /* Exceptions for "CassFlowWidget" folder in "CassFlowWidgetExtension" target */ = {
			isa = PBXFileSystemSynchronizedBuildFileExceptionSet;
			membershipExceptions = (
				Info.plist,
			);
			target = 62DE4ECB2E7AAAD60095661F /* CassFlowWidgetExtension */;
		};
/* End PBXFileSystemSynchronizedBuildFileExceptionSet section */

/* Begin PBXFileSystemSynchronizedRootGroup section */
		6276D76A2DD1E6F900ACA539 /* CassoFlow */ = {
			isa = PBXFileSystemSynchronizedRootGroup;
			exceptions = (
				6255CB7B2E0555D600F23075 /* Exceptions for "CassoFlow" folder in "CassoFlow" target */,
				62C45CCC2E7AD68B006C5642 /* Exceptions for "CassoFlow" folder in "CassFlowWidgetExtension" target */,
			);
			path = CassoFlow;
			sourceTree = "<group>";
		};
		62DE4ED22E7AAAD60095661F /* CassFlowWidget */ = {
			isa = PBXFileSystemSynchronizedRootGroup;
			exceptions = (
				62C45C812E7AC03F006C5642 /* Exceptions for "CassFlowWidget" folder in "CassoFlow" target */,
				62DE4EE12E7AAAD80095661F /* Exceptions for "CassFlowWidget" folder in "CassFlowWidgetExtension" target */,
			);
			path = CassFlowWidget;
			sourceTree = "<group>";
		};
/* End PBXFileSystemSynchronizedRootGroup section */

/* Begin PBXFrameworksBuildPhase section */
		6276D7652DD1E6F900ACA539 /* Frameworks */ = {
			isa = PBXFrameworksBuildPhase;
			buildActionMask = 2147483647;
			files = (
			);
			runOnlyForDeploymentPostprocessing = 0;
		};
		62DE4EC92E7AAAD60095661F /* Frameworks */ = {
			isa = PBXFrameworksBuildPhase;
			buildActionMask = 2147483647;
			files = (
				62DE4ED12E7AAAD60095661F /* SwiftUI.framework in Frameworks */,
				62DE4ECF2E7AAAD60095661F /* WidgetKit.framework in Frameworks */,
			);
			runOnlyForDeploymentPostprocessing = 0;
		};
/* End PBXFrameworksBuildPhase section */

/* Begin PBXGroup section */
		6276D75F2DD1E6F900ACA539 = {
			isa = PBXGroup;
			children = (
				62CB6C142E7ADB2A007ED1E9 /* CassFlowWidgetExtension.entitlements */,
				6276D76A2DD1E6F900ACA539 /* CassoFlow */,
				62DE4ED22E7AAAD60095661F /* CassFlowWidget */,
				62DE4ECD2E7AAAD60095661F /* Frameworks */,
				6276D7692DD1E6F900ACA539 /* Products */,
			);
			sourceTree = "<group>";
		};
		6276D7692DD1E6F900ACA539 /* Products */ = {
			isa = PBXGroup;
			children = (
				6276D7682DD1E6F900ACA539 /* CassoFlow.app */,
				62DE4ECC2E7AAAD60095661F /* CassFlowWidgetExtension.appex */,
			);
			name = Products;
			sourceTree = "<group>";
		};
		62DE4ECD2E7AAAD60095661F /* Frameworks */ = {
			isa = PBXGroup;
			children = (
				62DE4ECE2E7AAAD60095661F /* WidgetKit.framework */,
				62DE4ED02E7AAAD60095661F /* SwiftUI.framework */,
			);
			name = Frameworks;
			sourceTree = "<group>";
		};
/* End PBXGroup section */

/* Begin PBXNativeTarget section */
		6276D7672DD1E6F900ACA539 /* CassoFlow */ = {
			isa = PBXNativeTarget;
			buildConfigurationList = 6276D7752DD1E6FD00ACA539 /* Build configuration list for PBXNativeTarget "CassoFlow" */;
			buildPhases = (
				6276D7642DD1E6F900ACA539 /* Sources */,
				6276D7652DD1E6F900ACA539 /* Frameworks */,
				6276D7662DD1E6F900ACA539 /* Resources */,
				62DE4EDD2E7AAAD80095661F /* Embed Foundation Extensions */,
			);
			buildRules = (
			);
			dependencies = (
				62DE4EDB2E7AAAD80095661F /* PBXTargetDependency */,
			);
			fileSystemSynchronizedGroups = (
				6276D76A2DD1E6F900ACA539 /* CassoFlow */,
			);
			name = CassoFlow;
			packageProductDependencies = (
			);
			productName = tapemusic;
			productReference = 6276D7682DD1E6F900ACA539 /* CassoFlow.app */;
			productType = "com.apple.product-type.application";
		};
		62DE4ECB2E7AAAD60095661F /* CassFlowWidgetExtension */ = {
			isa = PBXNativeTarget;
			buildConfigurationList = 62DE4EE02E7AAAD80095661F /* Build configuration list for PBXNativeTarget "CassFlowWidgetExtension" */;
			buildPhases = (
				62DE4EC82E7AAAD60095661F /* Sources */,
				62DE4EC92E7AAAD60095661F /* Frameworks */,
				62DE4ECA2E7AAAD60095661F /* Resources */,
			);
			buildRules = (
			);
			dependencies = (
			);
			fileSystemSynchronizedGroups = (
				62DE4ED22E7AAAD60095661F /* CassFlowWidget */,
			);
			name = CassFlowWidgetExtension;
			packageProductDependencies = (
			);
			productName = CassFlowWidgetExtension;
			productReference = 62DE4ECC2E7AAAD60095661F /* CassFlowWidgetExtension.appex */;
			productType = "com.apple.product-type.app-extension";
		};
/* End PBXNativeTarget section */

/* Begin PBXProject section */
		6276D7602DD1E6F900ACA539 /* Project object */ = {
			isa = PBXProject;
			attributes = {
				BuildIndependentTargetsInParallel = 1;
				LastSwiftUpdateCheck = 1640;
				LastUpgradeCheck = 1640;
				TargetAttributes = {
					6276D7672DD1E6F900ACA539 = {
						CreatedOnToolsVersion = 16.3;
						LastSwiftMigration = 1630;
					};
					62DE4ECB2E7AAAD60095661F = {
						CreatedOnToolsVersion = 16.4;
					};
				};
			};
			buildConfigurationList = 6276D7632DD1E6F900ACA539 /* Build configuration list for PBXProject "CassoFlow" */;
			developmentRegion = "zh-Hans";
			hasScannedForEncodings = 0;
			knownRegions = (
				en,
				Base,
				"zh-Hans",
				"zh-Hant-TW",
				ja,
				ko,
				ru,
				es,
				"pt-PT",
				fr,
				de,
				it,
			);
			mainGroup = 6276D75F2DD1E6F900ACA539;
			minimizedProjectReferenceProxies = 1;
			preferredProjectObjectVersion = 77;
			productRefGroup = 6276D7692DD1E6F900ACA539 /* Products */;
			projectDirPath = "";
			projectRoot = "";
			targets = (
				6276D7672DD1E6F900ACA539 /* CassoFlow */,
				62DE4ECB2E7AAAD60095661F /* CassFlowWidgetExtension */,
			);
		};
/* End PBXProject section */

/* Begin PBXResourcesBuildPhase section */
		6276D7662DD1E6F900ACA539 /* Resources */ = {
			isa = PBXResourcesBuildPhase;
			buildActionMask = 2147483647;
			files = (
			);
			runOnlyForDeploymentPostprocessing = 0;
		};
		62DE4ECA2E7AAAD60095661F /* Resources */ = {
			isa = PBXResourcesBuildPhase;
			buildActionMask = 2147483647;
			files = (
			);
			runOnlyForDeploymentPostprocessing = 0;
		};
/* End PBXResourcesBuildPhase section */

/* Begin PBXSourcesBuildPhase section */
		6276D7642DD1E6F900ACA539 /* Sources */ = {
			isa = PBXSourcesBuildPhase;
			buildActionMask = 2147483647;
			files = (
			);
			runOnlyForDeploymentPostprocessing = 0;
		};
		62DE4EC82E7AAAD60095661F /* Sources */ = {
			isa = PBXSourcesBuildPhase;
			buildActionMask = 2147483647;
			files = (
			);
			runOnlyForDeploymentPostprocessing = 0;
		};
/* End PBXSourcesBuildPhase section */

/* Begin PBXTargetDependency section */
		62DE4EDB2E7AAAD80095661F /* PBXTargetDependency */ = {
			isa = PBXTargetDependency;
			target = 62DE4ECB2E7AAAD60095661F /* CassFlowWidgetExtension */;
			targetProxy = 62DE4EDA2E7AAAD80095661F /* PBXContainerItemProxy */;
		};
/* End PBXTargetDependency section */

/* Begin XCBuildConfiguration section */
		6276D7732DD1E6FD00ACA539 /* Debug */ = {
			isa = XCBuildConfiguration;
			buildSettings = {
				ALWAYS_SEARCH_USER_PATHS = NO;
				ASSETCATALOG_COMPILER_GENERATE_SWIFT_ASSET_SYMBOL_EXTENSIONS = YES;
				CLANG_ANALYZER_LOCALIZABILITY_NONLOCALIZED = YES;
				CLANG_ANALYZER_NONNULL = YES;
				CLANG_ANALYZER_NUMBER_OBJECT_CONVERSION = YES_AGGRESSIVE;
				CLANG_CXX_LANGUAGE_STANDARD = "gnu++20";
				CLANG_ENABLE_MODULES = YES;
				CLANG_ENABLE_OBJC_ARC = YES;
				CLANG_ENABLE_OBJC_WEAK = YES;
				CLANG_WARN_BLOCK_CAPTURE_AUTORELEASING = YES;
				CLANG_WARN_BOOL_CONVERSION = YES;
				CLANG_WARN_COMMA = YES;
				CLANG_WARN_CONSTANT_CONVERSION = YES;
				CLANG_WARN_DEPRECATED_OBJC_IMPLEMENTATIONS = YES;
				CLANG_WARN_DIRECT_OBJC_ISA_USAGE = YES_ERROR;
				CLANG_WARN_DOCUMENTATION_COMMENTS = YES;
				CLANG_WARN_EMPTY_BODY = YES;
				CLANG_WARN_ENUM_CONVERSION = YES;
				CLANG_WARN_INFINITE_RECURSION = YES;
				CLANG_WARN_INT_CONVERSION = YES;
				CLANG_WARN_NON_LITERAL_NULL_CONVERSION = YES;
				CLANG_WARN_OBJC_IMPLICIT_RETAIN_SELF = YES;
				CLANG_WARN_OBJC_LITERAL_CONVERSION = YES;
				CLANG_WARN_OBJC_ROOT_CLASS = YES_ERROR;
				CLANG_WARN_QUOTED_INCLUDE_IN_FRAMEWORK_HEADER = YES;
				CLANG_WARN_RANGE_LOOP_ANALYSIS = YES;
				CLANG_WARN_STRICT_PROTOTYPES = YES;
				CLANG_WARN_SUSPICIOUS_MOVE = YES;
				CLANG_WARN_UNGUARDED_AVAILABILITY = YES_AGGRESSIVE;
				CLANG_WARN_UNREACHABLE_CODE = YES;
				CLANG_WARN__DUPLICATE_METHOD_MATCH = YES;
				COPY_PHASE_STRIP = NO;
				DEBUG_INFORMATION_FORMAT = dwarf;
				DEVELOPMENT_TEAM = 4U3CXVZX7T;
				ENABLE_STRICT_OBJC_MSGSEND = YES;
				ENABLE_TESTABILITY = YES;
				ENABLE_USER_SCRIPT_SANDBOXING = YES;
				GCC_C_LANGUAGE_STANDARD = gnu17;
				GCC_DYNAMIC_NO_PIC = NO;
				GCC_NO_COMMON_BLOCKS = YES;
				GCC_OPTIMIZATION_LEVEL = 0;
				GCC_PREPROCESSOR_DEFINITIONS = (
					"DEBUG=1",
					"$(inherited)",
				);
				GCC_WARN_64_TO_32_BIT_CONVERSION = YES;
				GCC_WARN_ABOUT_RETURN_TYPE = YES_ERROR;
				GCC_WARN_UNDECLARED_SELECTOR = YES;
				GCC_WARN_UNINITIALIZED_AUTOS = YES_AGGRESSIVE;
				GCC_WARN_UNUSED_FUNCTION = YES;
				GCC_WARN_UNUSED_VARIABLE = YES;
				IPHONEOS_DEPLOYMENT_TARGET = 18.4;
				LOCALIZATION_PREFERS_STRING_CATALOGS = YES;
				MTL_ENABLE_DEBUG_INFO = INCLUDE_SOURCE;
				MTL_FAST_MATH = YES;
				ONLY_ACTIVE_ARCH = YES;
				SDKROOT = iphoneos;
				SWIFT_ACTIVE_COMPILATION_CONDITIONS = "DEBUG $(inherited)";
				SWIFT_EMIT_LOC_STRINGS = YES;
				SWIFT_OPTIMIZATION_LEVEL = "-Onone";
			};
			name = Debug;
		};
		6276D7742DD1E6FD00ACA539 /* Release */ = {
			isa = XCBuildConfiguration;
			buildSettings = {
				ALWAYS_SEARCH_USER_PATHS = NO;
				ASSETCATALOG_COMPILER_GENERATE_SWIFT_ASSET_SYMBOL_EXTENSIONS = YES;
				CLANG_ANALYZER_LOCALIZABILITY_NONLOCALIZED = YES;
				CLANG_ANALYZER_NONNULL = YES;
				CLANG_ANALYZER_NUMBER_OBJECT_CONVERSION = YES_AGGRESSIVE;
				CLANG_CXX_LANGUAGE_STANDARD = "gnu++20";
				CLANG_ENABLE_MODULES = YES;
				CLANG_ENABLE_OBJC_ARC = YES;
				CLANG_ENABLE_OBJC_WEAK = YES;
				CLANG_WARN_BLOCK_CAPTURE_AUTORELEASING = YES;
				CLANG_WARN_BOOL_CONVERSION = YES;
				CLANG_WARN_COMMA = YES;
				CLANG_WARN_CONSTANT_CONVERSION = YES;
				CLANG_WARN_DEPRECATED_OBJC_IMPLEMENTATIONS = YES;
				CLANG_WARN_DIRECT_OBJC_ISA_USAGE = YES_ERROR;
				CLANG_WARN_DOCUMENTATION_COMMENTS = YES;
				CLANG_WARN_EMPTY_BODY = YES;
				CLANG_WARN_ENUM_CONVERSION = YES;
				CLANG_WARN_INFINITE_RECURSION = YES;
				CLANG_WARN_INT_CONVERSION = YES;
				CLANG_WARN_NON_LITERAL_NULL_CONVERSION = YES;
				CLANG_WARN_OBJC_IMPLICIT_RETAIN_SELF = YES;
				CLANG_WARN_OBJC_LITERAL_CONVERSION = YES;
				CLANG_WARN_OBJC_ROOT_CLASS = YES_ERROR;
				CLANG_WARN_QUOTED_INCLUDE_IN_FRAMEWORK_HEADER = YES;
				CLANG_WARN_RANGE_LOOP_ANALYSIS = YES;
				CLANG_WARN_STRICT_PROTOTYPES = YES;
				CLANG_WARN_SUSPICIOUS_MOVE = YES;
				CLANG_WARN_UNGUARDED_AVAILABILITY = YES_AGGRESSIVE;
				CLANG_WARN_UNREACHABLE_CODE = YES;
				CLANG_WARN__DUPLICATE_METHOD_MATCH = YES;
				COPY_PHASE_STRIP = NO;
				DEBUG_INFORMATION_FORMAT = "dwarf-with-dsym";
				DEVELOPMENT_TEAM = 4U3CXVZX7T;
				ENABLE_NS_ASSERTIONS = NO;
				ENABLE_STRICT_OBJC_MSGSEND = YES;
				ENABLE_USER_SCRIPT_SANDBOXING = YES;
				GCC_C_LANGUAGE_STANDARD = gnu17;
				GCC_NO_COMMON_BLOCKS = YES;
				GCC_WARN_64_TO_32_BIT_CONVERSION = YES;
				GCC_WARN_ABOUT_RETURN_TYPE = YES_ERROR;
				GCC_WARN_UNDECLARED_SELECTOR = YES;
				GCC_WARN_UNINITIALIZED_AUTOS = YES_AGGRESSIVE;
				GCC_WARN_UNUSED_FUNCTION = YES;
				GCC_WARN_UNUSED_VARIABLE = YES;
				IPHONEOS_DEPLOYMENT_TARGET = 18.4;
				LOCALIZATION_PREFERS_STRING_CATALOGS = YES;
				MTL_ENABLE_DEBUG_INFO = NO;
				MTL_FAST_MATH = YES;
				SDKROOT = iphoneos;
				SWIFT_COMPILATION_MODE = wholemodule;
				SWIFT_EMIT_LOC_STRINGS = YES;
				VALIDATE_PRODUCT = YES;
			};
			name = Release;
		};
		6276D7762DD1E6FD00ACA539 /* Debug */ = {
			isa = XCBuildConfiguration;
			buildSettings = {
				ASSETCATALOG_COMPILER_APPICON_NAME = AppIcon;
				ASSETCATALOG_COMPILER_GLOBAL_ACCENT_COLOR_NAME = AccentColor;
				CLANG_ENABLE_MODULES = YES;
				CODE_SIGN_ENTITLEMENTS = CassoFlow/CassoFlow.entitlements;
				CODE_SIGN_IDENTITY = "Apple Development";
				CODE_SIGN_STYLE = Automatic;
				CURRENT_PROJECT_VERSION = 2;
				DEVELOPMENT_TEAM = 4U3CXVZX7T;
				ENABLE_PREVIEWS = YES;
				GENERATE_INFOPLIST_FILE = YES;
				INFOPLIST_FILE = CassoFlow/Info.plist;
				INFOPLIST_KEY_CFBundleDisplayName = CassoFlow;
				INFOPLIST_KEY_ITSAppUsesNonExemptEncryption = NO;
				INFOPLIST_KEY_LSApplicationCategoryType = "public.app-category.music";
				INFOPLIST_KEY_NSAppleMusicUsageDescription = "CassoFlow needs to access your music library to play songs.";
				INFOPLIST_KEY_NSCameraUsageDescription = "CassFlow requires the use of a camera to scan the album barcode in order to add the album to your music library.";
				INFOPLIST_KEY_UIApplicationSceneManifest_Generation = YES;
				INFOPLIST_KEY_UIApplicationSupportsIndirectInputEvents = YES;
				INFOPLIST_KEY_UIStatusBarHidden = YES;
				INFOPLIST_KEY_UIStatusBarStyle = "";
				INFOPLIST_KEY_UISupportedInterfaceOrientations = UIInterfaceOrientationPortrait;
				INFOPLIST_KEY_UIUserInterfaceStyle = Dark;
				IPHONEOS_DEPLOYMENT_TARGET = 17.6;
				LD_RUNPATH_SEARCH_PATHS = (
					"$(inherited)",
					"@executable_path/Frameworks",
				);
				MARKETING_VERSION = 1.1.2;
				PRODUCT_BUNDLE_IDENTIFIER = me.pix3l.CassoFlow;
				PRODUCT_NAME = "$(TARGET_NAME)";
				PROVISIONING_PROFILE_SPECIFIER = "";
				SUPPORTED_PLATFORMS = "iphoneos iphonesimulator";
				SUPPORTS_MACCATALYST = NO;
				SUPPORTS_MAC_DESIGNED_FOR_IPHONE_IPAD = NO;
				SUPPORTS_XR_DESIGNED_FOR_IPHONE_IPAD = NO;
				SWIFT_EMIT_LOC_STRINGS = YES;
				SWIFT_OPTIMIZATION_LEVEL = "-Onone";
				SWIFT_VERSION = 5.0;
				TARGETED_DEVICE_FAMILY = 1;
			};
			name = Debug;
		};
		6276D7772DD1E6FD00ACA539 /* Release */ = {
			isa = XCBuildConfiguration;
			buildSettings = {
				ASSETCATALOG_COMPILER_APPICON_NAME = AppIcon;
				ASSETCATALOG_COMPILER_GLOBAL_ACCENT_COLOR_NAME = AccentColor;
				CLANG_ENABLE_MODULES = YES;
				CODE_SIGN_ENTITLEMENTS = CassoFlow/CassoFlowRelease.entitlements;
				CODE_SIGN_STYLE = Automatic;
				CURRENT_PROJECT_VERSION = 2;
				DEVELOPMENT_TEAM = 4U3CXVZX7T;
				ENABLE_PREVIEWS = YES;
				GENERATE_INFOPLIST_FILE = YES;
				INFOPLIST_FILE = CassoFlow/Info.plist;
				INFOPLIST_KEY_CFBundleDisplayName = CassoFlow;
				INFOPLIST_KEY_ITSAppUsesNonExemptEncryption = NO;
				INFOPLIST_KEY_LSApplicationCategoryType = "public.app-category.music";
				INFOPLIST_KEY_NSAppleMusicUsageDescription = "CassoFlow needs to access your music library to play songs.";
				INFOPLIST_KEY_NSCameraUsageDescription = "CassFlow requires the use of a camera to scan the album barcode in order to add the album to your music library.";
				INFOPLIST_KEY_UIApplicationSceneManifest_Generation = YES;
				INFOPLIST_KEY_UIApplicationSupportsIndirectInputEvents = YES;
				INFOPLIST_KEY_UIStatusBarHidden = YES;
				INFOPLIST_KEY_UIStatusBarStyle = "";
				INFOPLIST_KEY_UISupportedInterfaceOrientations = UIInterfaceOrientationPortrait;
				INFOPLIST_KEY_UIUserInterfaceStyle = Dark;
				IPHONEOS_DEPLOYMENT_TARGET = 17.6;
				LD_RUNPATH_SEARCH_PATHS = (
					"$(inherited)",
					"@executable_path/Frameworks",
				);
				MARKETING_VERSION = 1.1.2;
				PRODUCT_BUNDLE_IDENTIFIER = me.pix3l.CassoFlow;
				PRODUCT_NAME = "$(TARGET_NAME)";
				SUPPORTED_PLATFORMS = "iphoneos iphonesimulator";
				SUPPORTS_MACCATALYST = NO;
				SUPPORTS_MAC_DESIGNED_FOR_IPHONE_IPAD = NO;
				SUPPORTS_XR_DESIGNED_FOR_IPHONE_IPAD = NO;
				SWIFT_EMIT_LOC_STRINGS = YES;
				SWIFT_VERSION = 5.0;
				TARGETED_DEVICE_FAMILY = 1;
			};
			name = Release;
		};
		62DE4EDE2E7AAAD80095661F /* Debug */ = {
			isa = XCBuildConfiguration;
			buildSettings = {
				ASSETCATALOG_COMPILER_GLOBAL_ACCENT_COLOR_NAME = AccentColor;
				ASSETCATALOG_COMPILER_WIDGET_BACKGROUND_COLOR_NAME = WidgetBackground;
				CODE_SIGN_ENTITLEMENTS = CassFlowWidgetExtension.entitlements;
				CODE_SIGN_STYLE = Automatic;
				CURRENT_PROJECT_VERSION = 2;
				DEVELOPMENT_TEAM = 4U3CXVZX7T;
				GENERATE_INFOPLIST_FILE = YES;
				INFOPLIST_FILE = CassFlowWidget/Info.plist;
				INFOPLIST_KEY_CFBundleDisplayName = CassFlowWidget;
				INFOPLIST_KEY_NSHumanReadableCopyright = "";
				IPHONEOS_DEPLOYMENT_TARGET = 18.0;
				LD_RUNPATH_SEARCH_PATHS = (
					"$(inherited)",
					"@executable_path/Frameworks",
					"@executable_path/../../Frameworks",
				);
				MARKETING_VERSION = 1.1.2;
				PRODUCT_BUNDLE_IDENTIFIER = me.pix3l.CassoFlow.CassFlowWidget;
				PRODUCT_NAME = "$(TARGET_NAME)";
				SKIP_INSTALL = YES;
				SUPPORTED_PLATFORMS = "iphoneos iphonesimulator";
				SUPPORTS_MACCATALYST = NO;
				SUPPORTS_MAC_DESIGNED_FOR_IPHONE_IPAD = NO;
				SUPPORTS_XR_DESIGNED_FOR_IPHONE_IPAD = NO;
				SWIFT_EMIT_LOC_STRINGS = YES;
				SWIFT_VERSION = 5.0;
				TARGETED_DEVICE_FAMILY = 1;
			};
			name = Debug;
		};
		62DE4EDF2E7AAAD80095661F /* Release */ = {
			isa = XCBuildConfiguration;
			buildSettings = {
				ASSETCATALOG_COMPILER_GLOBAL_ACCENT_COLOR_NAME = AccentColor;
				ASSETCATALOG_COMPILER_WIDGET_BACKGROUND_COLOR_NAME = WidgetBackground;
				CODE_SIGN_ENTITLEMENTS = CassFlowWidgetExtension.entitlements;
				CODE_SIGN_STYLE = Automatic;
				CURRENT_PROJECT_VERSION = 2;
				DEVELOPMENT_TEAM = 4U3CXVZX7T;
				GENERATE_INFOPLIST_FILE = YES;
				INFOPLIST_FILE = CassFlowWidget/Info.plist;
				INFOPLIST_KEY_CFBundleDisplayName = CassFlowWidget;
				INFOPLIST_KEY_NSHumanReadableCopyright = "";
				IPHONEOS_DEPLOYMENT_TARGET = 18.0;
				LD_RUNPATH_SEARCH_PATHS = (
					"$(inherited)",
					"@executable_path/Frameworks",
					"@executable_path/../../Frameworks",
				);
				MARKETING_VERSION = 1.1.2;
				PRODUCT_BUNDLE_IDENTIFIER = me.pix3l.CassoFlow.CassFlowWidget;
				PRODUCT_NAME = "$(TARGET_NAME)";
				SKIP_INSTALL = YES;
				SUPPORTED_PLATFORMS = "iphoneos iphonesimulator";
				SUPPORTS_MACCATALYST = NO;
				SUPPORTS_MAC_DESIGNED_FOR_IPHONE_IPAD = NO;
				SUPPORTS_XR_DESIGNED_FOR_IPHONE_IPAD = NO;
				SWIFT_EMIT_LOC_STRINGS = YES;
				SWIFT_VERSION = 5.0;
				TARGETED_DEVICE_FAMILY = 1;
			};
			name = Release;
		};
/* End XCBuildConfiguration section */

/* Begin XCConfigurationList section */
		6276D7632DD1E6F900ACA539 /* Build configuration list for PBXProject "CassoFlow" */ = {
			isa = XCConfigurationList;
			buildConfigurations = (
				6276D7732DD1E6FD00ACA539 /* Debug */,
				6276D7742DD1E6FD00ACA539 /* Release */,
			);
			defaultConfigurationIsVisible = 0;
			defaultConfigurationName = Release;
		};
		6276D7752DD1E6FD00ACA539 /* Build configuration list for PBXNativeTarget "CassoFlow" */ = {
			isa = XCConfigurationList;
			buildConfigurations = (
				6276D7762DD1E6FD00ACA539 /* Debug */,
				6276D7772DD1E6FD00ACA539 /* Release */,
			);
			defaultConfigurationIsVisible = 0;
			defaultConfigurationName = Release;
		};
		62DE4EE02E7AAAD80095661F /* Build configuration list for PBXNativeTarget "CassFlowWidgetExtension" */ = {
			isa = XCConfigurationList;
			buildConfigurations = (
				62DE4EDE2E7AAAD80095661F /* Debug */,
				62DE4EDF2E7AAAD80095661F /* Release */,
			);
			defaultConfigurationIsVisible = 0;
			defaultConfigurationName = Release;
		};
/* End XCConfigurationList section */
	};
	rootObject = 6276D7602DD1E6F900ACA539 /* Project object */;
}
